// !$*UTF8*$!
{
	archiveVersion = 1;
	classes = {
	};
	objectVersion = 52;
	objects = {

/* Begin PBXBuildFile section */
		1686F68AE87DF1AA46040F54 /* Pods_Rookie_RookieUITests.framework in Frameworks */ = {isa = PBXBuildFile; fileRef = FE1BC1876CB66C18F54F3A55 /* Pods_Rookie_RookieUITests.framework */; };
		AE7721BA24EFC985001BF4B6 /* SceneDelegate.swift in Sources */ = {isa = PBXBuildFile; fileRef = AE7721B924EFC985001BF4B6 /* SceneDelegate.swift */; };
		AE7B5D882540202E00FC2F3B /* WidgetKit.framework in Frameworks */ = {isa = PBXBuildFile; fileRef = AE7B5D872540202E00FC2F3B /* WidgetKit.framework */; };
		AE7B5D8A2540202E00FC2F3B /* SwiftUI.framework in Frameworks */ = {isa = PBXBuildFile; fileRef = AE7B5D892540202E00FC2F3B /* SwiftUI.framework */; };
		AE7B5D8D2540202E00FC2F3B /* RookieWidget.swift in Sources */ = {isa = PBXBuildFile; fileRef = AE7B5D8C2540202E00FC2F3B /* RookieWidget.swift */; };
		AE7B5D8F2540203100FC2F3B /* Assets.xcassets in Resources */ = {isa = PBXBuildFile; fileRef = AE7B5D8E2540203100FC2F3B /* Assets.xcassets */; };
		AE7B5D932540203100FC2F3B /* RookieWidgetExtension.appex in Embed App Extensions */ = {isa = PBXBuildFile; fileRef = AE7B5D862540202E00FC2F3B /* RookieWidgetExtension.appex */; settings = {ATTRIBUTES = (RemoveHeadersOnCopy, ); }; };
		AE7B5DAC25403B5E00FC2F3B /* RookieEntry.swift in Sources */ = {isa = PBXBuildFile; fileRef = AE7B5D9C2540309600FC2F3B /* RookieEntry.swift */; };
		AE7B5DB525403B6600FC2F3B /* RookieEntryView.swift in Sources */ = {isa = PBXBuildFile; fileRef = AE7B5DA2254030AD00FC2F3B /* RookieEntryView.swift */; };
		AE7C2D0A256216FB002EB87B /* Pods_Rookie.framework in Frameworks */ = {isa = PBXBuildFile; fileRef = AE7C2D09256216FB002EB87B /* Pods_Rookie.framework */; };
		AE7C3E5C26073EC5001E4B4A /* BaseViewController.swift in Sources */ = {isa = PBXBuildFile; fileRef = AE7C3E5B26073EC5001E4B4A /* BaseViewController.swift */; };
		AE7C3E70260762BB001E4B4A /* Rookie.swift in Sources */ = {isa = PBXBuildFile; fileRef = AE7C3E6F260762BB001E4B4A /* Rookie.swift */; };
		AE7C3EA6260778D4001E4B4A /* Realm in Frameworks */ = {isa = PBXBuildFile; productRef = AE7C3EA5260778D4001E4B4A /* Realm */; };
		AE7C3EA8260778D4001E4B4A /* RealmSwift in Frameworks */ = {isa = PBXBuildFile; productRef = AE7C3EA7260778D4001E4B4A /* RealmSwift */; };
		AE7C3EC826077BAE001E4B4A /* FSCalendar in Frameworks */ = {isa = PBXBuildFile; productRef = AE7C3EC726077BAE001E4B4A /* FSCalendar */; };
		AED91D5424D57AE400D91553 /* AppDelegate.swift in Sources */ = {isa = PBXBuildFile; fileRef = AED91D5324D57AE400D91553 /* AppDelegate.swift */; };
		AED91D5B24D57AE400D91553 /* Main.storyboard in Resources */ = {isa = PBXBuildFile; fileRef = AED91D5924D57AE400D91553 /* Main.storyboard */; };
		AED91D5D24D57AE900D91553 /* Assets.xcassets in Resources */ = {isa = PBXBuildFile; fileRef = AED91D5C24D57AE900D91553 /* Assets.xcassets */; };
		AED91D6024D57AE900D91553 /* LaunchScreen.storyboard in Resources */ = {isa = PBXBuildFile; fileRef = AED91D5E24D57AE900D91553 /* LaunchScreen.storyboard */; };
		AED91D6B24D57AE900D91553 /* RookieTests.swift in Sources */ = {isa = PBXBuildFile; fileRef = AED91D6A24D57AE900D91553 /* RookieTests.swift */; };
		AED91D7624D57AE900D91553 /* RookieUITests.swift in Sources */ = {isa = PBXBuildFile; fileRef = AED91D7524D57AE900D91553 /* RookieUITests.swift */; };
		AEF63E262604C4A3008C4FE6 /* DetailCollectionViewCell.xib in Resources */ = {isa = PBXBuildFile; fileRef = AEF63E232604C4A3008C4FE6 /* DetailCollectionViewCell.xib */; };
		AEF63E272604C4A3008C4FE6 /* TodayCollectionViewCell.xib in Resources */ = {isa = PBXBuildFile; fileRef = AEF63E242604C4A3008C4FE6 /* TodayCollectionViewCell.xib */; };
		AEF63E282604C4A3008C4FE6 /* CharacterCollectionViewCell.xib in Resources */ = {isa = PBXBuildFile; fileRef = AEF63E252604C4A3008C4FE6 /* CharacterCollectionViewCell.xib */; };
		AEF63E2E2604C4C5008C4FE6 /* DBManager.swift in Sources */ = {isa = PBXBuildFile; fileRef = AEF63E2D2604C4C5008C4FE6 /* DBManager.swift */; };
		AEF63E4A2604EF83008C4FE6 /* Constant.swift in Sources */ = {isa = PBXBuildFile; fileRef = AEF63E492604EF83008C4FE6 /* Constant.swift */; };
		AEF63E632605ADBF008C4FE6 /* EditModel.swift in Sources */ = {isa = PBXBuildFile; fileRef = AEF63E5E2605ADBC008C4FE6 /* EditModel.swift */; };
		AEF63E642605ADBF008C4FE6 /* MenuModel.swift in Sources */ = {isa = PBXBuildFile; fileRef = AEF63E5F2605ADBD008C4FE6 /* MenuModel.swift */; };
		AEF63E652605ADBF008C4FE6 /* DetailModel.swift in Sources */ = {isa = PBXBuildFile; fileRef = AEF63E602605ADBE008C4FE6 /* DetailModel.swift */; };
		AEF63E662605ADBF008C4FE6 /* DiaryModel.swift in Sources */ = {isa = PBXBuildFile; fileRef = AEF63E612605ADBE008C4FE6 /* DiaryModel.swift */; };
		AEF63E672605ADBF008C4FE6 /* MainModel.swift in Sources */ = {isa = PBXBuildFile; fileRef = AEF63E622605ADBF008C4FE6 /* MainModel.swift */; };
		AEF63E792605ADDE008C4FE6 /* ViewController.swift in Sources */ = {isa = PBXBuildFile; fileRef = AEF63E712605ADD9008C4FE6 /* ViewController.swift */; };
		AEF63E7A2605ADDE008C4FE6 /* MenuViewController.swift in Sources */ = {isa = PBXBuildFile; fileRef = AEF63E722605ADDA008C4FE6 /* MenuViewController.swift */; };
		AEF63E7B2605ADDE008C4FE6 /* TodayCollectionViewCell.swift in Sources */ = {isa = PBXBuildFile; fileRef = AEF63E732605ADDB008C4FE6 /* TodayCollectionViewCell.swift */; };
		AEF63E7C2605ADDE008C4FE6 /* CharacterCollectionViewCell.swift in Sources */ = {isa = PBXBuildFile; fileRef = AEF63E742605ADDB008C4FE6 /* CharacterCollectionViewCell.swift */; };
		AEF63E7D2605ADDE008C4FE6 /* DetailCollectionViewCell.swift in Sources */ = {isa = PBXBuildFile; fileRef = AEF63E752605ADDC008C4FE6 /* DetailCollectionViewCell.swift */; };
		AEF63E7E2605ADDE008C4FE6 /* EditViewController.swift in Sources */ = {isa = PBXBuildFile; fileRef = AEF63E762605ADDD008C4FE6 /* EditViewController.swift */; };
		AEF63E7F2605ADDE008C4FE6 /* DetailViewController.swift in Sources */ = {isa = PBXBuildFile; fileRef = AEF63E772605ADDE008C4FE6 /* DetailViewController.swift */; };
		AEF63E802605ADDE008C4FE6 /* DiaryViewController.swift in Sources */ = {isa = PBXBuildFile; fileRef = AEF63E782605ADDE008C4FE6 /* DiaryViewController.swift */; };
		C07F0CE74F9BD91CD1419A69 /* Pods_RookieTests.framework in Frameworks */ = {isa = PBXBuildFile; fileRef = 16E2FAEC9007EEBFEA4A40AE /* Pods_RookieTests.framework */; };
/* End PBXBuildFile section */

/* Begin PBXContainerItemProxy section */
		AE7B5D912540203100FC2F3B /* PBXContainerItemProxy */ = {
			isa = PBXContainerItemProxy;
			containerPortal = AED91D4824D57AE300D91553 /* Project object */;
			proxyType = 1;
			remoteGlobalIDString = AE7B5D852540202E00FC2F3B;
			remoteInfo = RookieWidgetExtension;
		};
		AED91D6724D57AE900D91553 /* PBXContainerItemProxy */ = {
			isa = PBXContainerItemProxy;
			containerPortal = AED91D4824D57AE300D91553 /* Project object */;
			proxyType = 1;
			remoteGlobalIDString = AED91D4F24D57AE300D91553;
			remoteInfo = RPG;
		};
		AED91D7224D57AE900D91553 /* PBXContainerItemProxy */ = {
			isa = PBXContainerItemProxy;
			containerPortal = AED91D4824D57AE300D91553 /* Project object */;
			proxyType = 1;
			remoteGlobalIDString = AED91D4F24D57AE300D91553;
			remoteInfo = RPG;
		};
/* End PBXContainerItemProxy section */

/* Begin PBXCopyFilesBuildPhase section */
		AE7B5D972540203100FC2F3B /* Embed App Extensions */ = {
			isa = PBXCopyFilesBuildPhase;
			buildActionMask = 2147483647;
			dstPath = "";
			dstSubfolderSpec = 13;
			files = (
				AE7B5D932540203100FC2F3B /* RookieWidgetExtension.appex in Embed App Extensions */,
			);
			name = "Embed App Extensions";
			runOnlyForDeploymentPostprocessing = 0;
		};
/* End PBXCopyFilesBuildPhase section */

/* Begin PBXFileReference section */
		08BBAFAB7A5C42ACA3483C51 /* Pods-Rookie.release.xcconfig */ = {isa = PBXFileReference; includeInIndex = 1; lastKnownFileType = text.xcconfig; name = "Pods-Rookie.release.xcconfig"; path = "Target Support Files/Pods-Rookie/Pods-Rookie.release.xcconfig"; sourceTree = "<group>"; };
		16E2FAEC9007EEBFEA4A40AE /* Pods_RookieTests.framework */ = {isa = PBXFileReference; explicitFileType = wrapper.framework; includeInIndex = 0; path = Pods_RookieTests.framework; sourceTree = BUILT_PRODUCTS_DIR; };
		35EC729DCE28736B14F301DB /* Pods-Rookie-RookieUITests.debug.xcconfig */ = {isa = PBXFileReference; includeInIndex = 1; lastKnownFileType = text.xcconfig; name = "Pods-Rookie-RookieUITests.debug.xcconfig"; path = "Target Support Files/Pods-Rookie-RookieUITests/Pods-Rookie-RookieUITests.debug.xcconfig"; sourceTree = "<group>"; };
		5418E6D0656E3A6CB19670ED /* Pods-RookieTests.debug.xcconfig */ = {isa = PBXFileReference; includeInIndex = 1; lastKnownFileType = text.xcconfig; name = "Pods-RookieTests.debug.xcconfig"; path = "Target Support Files/Pods-RookieTests/Pods-RookieTests.debug.xcconfig"; sourceTree = "<group>"; };
		6E0B9829B22301DDB332F1D7 /* Pods_Rookie.framework */ = {isa = PBXFileReference; explicitFileType = wrapper.framework; includeInIndex = 0; path = Pods_Rookie.framework; sourceTree = BUILT_PRODUCTS_DIR; };
		9CFE58D87E394BD35ABE2187 /* Pods-Rookie-RookieUITests.release.xcconfig */ = {isa = PBXFileReference; includeInIndex = 1; lastKnownFileType = text.xcconfig; name = "Pods-Rookie-RookieUITests.release.xcconfig"; path = "Target Support Files/Pods-Rookie-RookieUITests/Pods-Rookie-RookieUITests.release.xcconfig"; sourceTree = "<group>"; };
		AE7721B924EFC985001BF4B6 /* SceneDelegate.swift */ = {isa = PBXFileReference; fileEncoding = 4; lastKnownFileType = sourcecode.swift; path = SceneDelegate.swift; sourceTree = "<group>"; };
		AE7B5D862540202E00FC2F3B /* RookieWidgetExtension.appex */ = {isa = PBXFileReference; explicitFileType = "wrapper.app-extension"; includeInIndex = 0; path = RookieWidgetExtension.appex; sourceTree = BUILT_PRODUCTS_DIR; };
		AE7B5D872540202E00FC2F3B /* WidgetKit.framework */ = {isa = PBXFileReference; lastKnownFileType = wrapper.framework; name = WidgetKit.framework; path = System/Library/Frameworks/WidgetKit.framework; sourceTree = SDKROOT; };
		AE7B5D892540202E00FC2F3B /* SwiftUI.framework */ = {isa = PBXFileReference; lastKnownFileType = wrapper.framework; name = SwiftUI.framework; path = System/Library/Frameworks/SwiftUI.framework; sourceTree = SDKROOT; };
		AE7B5D8C2540202E00FC2F3B /* RookieWidget.swift */ = {isa = PBXFileReference; lastKnownFileType = sourcecode.swift; path = RookieWidget.swift; sourceTree = "<group>"; };
		AE7B5D8E2540203100FC2F3B /* Assets.xcassets */ = {isa = PBXFileReference; lastKnownFileType = folder.assetcatalog; path = Assets.xcassets; sourceTree = "<group>"; };
		AE7B5D902540203100FC2F3B /* Info.plist */ = {isa = PBXFileReference; lastKnownFileType = text.plist.xml; path = Info.plist; sourceTree = "<group>"; };
		AE7B5D9C2540309600FC2F3B /* RookieEntry.swift */ = {isa = PBXFileReference; lastKnownFileType = sourcecode.swift; path = RookieEntry.swift; sourceTree = "<group>"; };
		AE7B5DA2254030AD00FC2F3B /* RookieEntryView.swift */ = {isa = PBXFileReference; lastKnownFileType = sourcecode.swift; path = RookieEntryView.swift; sourceTree = "<group>"; };
		AE7B5DC325414E2000FC2F3B /* Rookie.entitlements */ = {isa = PBXFileReference; lastKnownFileType = text.plist.entitlements; path = Rookie.entitlements; sourceTree = "<group>"; };
		AE7B5DC425414E3200FC2F3B /* RookieWidgetExtension.entitlements */ = {isa = PBXFileReference; lastKnownFileType = text.plist.entitlements; path = RookieWidgetExtension.entitlements; sourceTree = "<group>"; };
		AE7C2D09256216FB002EB87B /* Pods_Rookie.framework */ = {isa = PBXFileReference; explicitFileType = wrapper.framework; path = Pods_Rookie.framework; sourceTree = BUILT_PRODUCTS_DIR; };
		AE7C3E5B26073EC5001E4B4A /* BaseViewController.swift */ = {isa = PBXFileReference; lastKnownFileType = sourcecode.swift; path = BaseViewController.swift; sourceTree = "<group>"; };
		AE7C3E6F260762BB001E4B4A /* Rookie.swift */ = {isa = PBXFileReference; lastKnownFileType = sourcecode.swift; path = Rookie.swift; sourceTree = "<group>"; };
		AEC82E96256246F0006DAF70 /* .swiftlint.yml */ = {isa = PBXFileReference; lastKnownFileType = text.yaml; path = .swiftlint.yml; sourceTree = "<group>"; };
		AED91D5024D57AE300D91553 /* Rookie.app */ = {isa = PBXFileReference; explicitFileType = wrapper.application; includeInIndex = 0; path = Rookie.app; sourceTree = BUILT_PRODUCTS_DIR; };
		AED91D5324D57AE400D91553 /* AppDelegate.swift */ = {isa = PBXFileReference; lastKnownFileType = sourcecode.swift; path = AppDelegate.swift; sourceTree = "<group>"; };
		AED91D5A24D57AE400D91553 /* Base */ = {isa = PBXFileReference; lastKnownFileType = file.storyboard; name = Base; path = Base.lproj/Main.storyboard; sourceTree = "<group>"; };
		AED91D5C24D57AE900D91553 /* Assets.xcassets */ = {isa = PBXFileReference; lastKnownFileType = folder.assetcatalog; path = Assets.xcassets; sourceTree = "<group>"; };
		AED91D5F24D57AE900D91553 /* Base */ = {isa = PBXFileReference; lastKnownFileType = file.storyboard; name = Base; path = Base.lproj/LaunchScreen.storyboard; sourceTree = "<group>"; };
		AED91D6124D57AE900D91553 /* Info.plist */ = {isa = PBXFileReference; lastKnownFileType = text.plist.xml; path = Info.plist; sourceTree = "<group>"; };
		AED91D6624D57AE900D91553 /* RookieTests.xctest */ = {isa = PBXFileReference; explicitFileType = wrapper.cfbundle; includeInIndex = 0; path = RookieTests.xctest; sourceTree = BUILT_PRODUCTS_DIR; };
		AED91D6A24D57AE900D91553 /* RookieTests.swift */ = {isa = PBXFileReference; lastKnownFileType = sourcecode.swift; path = RookieTests.swift; sourceTree = "<group>"; };
		AED91D6C24D57AE900D91553 /* Info.plist */ = {isa = PBXFileReference; lastKnownFileType = text.plist.xml; path = Info.plist; sourceTree = "<group>"; };
		AED91D7124D57AE900D91553 /* RookieUITests.xctest */ = {isa = PBXFileReference; explicitFileType = wrapper.cfbundle; includeInIndex = 0; path = RookieUITests.xctest; sourceTree = BUILT_PRODUCTS_DIR; };
		AED91D7524D57AE900D91553 /* RookieUITests.swift */ = {isa = PBXFileReference; lastKnownFileType = sourcecode.swift; path = RookieUITests.swift; sourceTree = "<group>"; };
		AED91D7724D57AE900D91553 /* Info.plist */ = {isa = PBXFileReference; lastKnownFileType = text.plist.xml; path = Info.plist; sourceTree = "<group>"; };
		AEF63E232604C4A3008C4FE6 /* DetailCollectionViewCell.xib */ = {isa = PBXFileReference; fileEncoding = 4; lastKnownFileType = file.xib; path = DetailCollectionViewCell.xib; sourceTree = "<group>"; };
		AEF63E242604C4A3008C4FE6 /* TodayCollectionViewCell.xib */ = {isa = PBXFileReference; fileEncoding = 4; lastKnownFileType = file.xib; path = TodayCollectionViewCell.xib; sourceTree = "<group>"; };
		AEF63E252604C4A3008C4FE6 /* CharacterCollectionViewCell.xib */ = {isa = PBXFileReference; fileEncoding = 4; lastKnownFileType = file.xib; path = CharacterCollectionViewCell.xib; sourceTree = "<group>"; };
		AEF63E2D2604C4C5008C4FE6 /* DBManager.swift */ = {isa = PBXFileReference; lastKnownFileType = sourcecode.swift; path = DBManager.swift; sourceTree = "<group>"; };
		AEF63E492604EF83008C4FE6 /* Constant.swift */ = {isa = PBXFileReference; lastKnownFileType = sourcecode.swift; path = Constant.swift; sourceTree = "<group>"; };
		AEF63E5E2605ADBC008C4FE6 /* EditModel.swift */ = {isa = PBXFileReference; fileEncoding = 4; lastKnownFileType = sourcecode.swift; path = EditModel.swift; sourceTree = "<group>"; };
		AEF63E5F2605ADBD008C4FE6 /* MenuModel.swift */ = {isa = PBXFileReference; fileEncoding = 4; lastKnownFileType = sourcecode.swift; path = MenuModel.swift; sourceTree = "<group>"; };
		AEF63E602605ADBE008C4FE6 /* DetailModel.swift */ = {isa = PBXFileReference; fileEncoding = 4; lastKnownFileType = sourcecode.swift; path = DetailModel.swift; sourceTree = "<group>"; };
		AEF63E612605ADBE008C4FE6 /* DiaryModel.swift */ = {isa = PBXFileReference; fileEncoding = 4; lastKnownFileType = sourcecode.swift; path = DiaryModel.swift; sourceTree = "<group>"; };
		AEF63E622605ADBF008C4FE6 /* MainModel.swift */ = {isa = PBXFileReference; fileEncoding = 4; lastKnownFileType = sourcecode.swift; path = MainModel.swift; sourceTree = "<group>"; };
		AEF63E712605ADD9008C4FE6 /* ViewController.swift */ = {isa = PBXFileReference; fileEncoding = 4; lastKnownFileType = sourcecode.swift; path = ViewController.swift; sourceTree = "<group>"; };
		AEF63E722605ADDA008C4FE6 /* MenuViewController.swift */ = {isa = PBXFileReference; fileEncoding = 4; lastKnownFileType = sourcecode.swift; path = MenuViewController.swift; sourceTree = "<group>"; };
		AEF63E732605ADDB008C4FE6 /* TodayCollectionViewCell.swift */ = {isa = PBXFileReference; fileEncoding = 4; lastKnownFileType = sourcecode.swift; path = TodayCollectionViewCell.swift; sourceTree = "<group>"; };
		AEF63E742605ADDB008C4FE6 /* CharacterCollectionViewCell.swift */ = {isa = PBXFileReference; fileEncoding = 4; lastKnownFileType = sourcecode.swift; path = CharacterCollectionViewCell.swift; sourceTree = "<group>"; };
		AEF63E752605ADDC008C4FE6 /* DetailCollectionViewCell.swift */ = {isa = PBXFileReference; fileEncoding = 4; lastKnownFileType = sourcecode.swift; path = DetailCollectionViewCell.swift; sourceTree = "<group>"; };
		AEF63E762605ADDD008C4FE6 /* EditViewController.swift */ = {isa = PBXFileReference; fileEncoding = 4; lastKnownFileType = sourcecode.swift; path = EditViewController.swift; sourceTree = "<group>"; };
		AEF63E772605ADDE008C4FE6 /* DetailViewController.swift */ = {isa = PBXFileReference; fileEncoding = 4; lastKnownFileType = sourcecode.swift; path = DetailViewController.swift; sourceTree = "<group>"; };
		AEF63E782605ADDE008C4FE6 /* DiaryViewController.swift */ = {isa = PBXFileReference; fileEncoding = 4; lastKnownFileType = sourcecode.swift; path = DiaryViewController.swift; sourceTree = "<group>"; };
		C9C2BB251107E909620D923E /* Pods-Rookie.debug.xcconfig */ = {isa = PBXFileReference; includeInIndex = 1; lastKnownFileType = text.xcconfig; name = "Pods-Rookie.debug.xcconfig"; path = "Target Support Files/Pods-Rookie/Pods-Rookie.debug.xcconfig"; sourceTree = "<group>"; };
		CDC0908B0E4DEEB69A6C1C6C /* Pods-RookieTests.release.xcconfig */ = {isa = PBXFileReference; includeInIndex = 1; lastKnownFileType = text.xcconfig; name = "Pods-RookieTests.release.xcconfig"; path = "Target Support Files/Pods-RookieTests/Pods-RookieTests.release.xcconfig"; sourceTree = "<group>"; };
		FE1BC1876CB66C18F54F3A55 /* Pods_Rookie_RookieUITests.framework */ = {isa = PBXFileReference; explicitFileType = wrapper.framework; includeInIndex = 0; path = Pods_Rookie_RookieUITests.framework; sourceTree = BUILT_PRODUCTS_DIR; };
/* End PBXFileReference section */

/* Begin PBXFrameworksBuildPhase section */
		AE7B5D832540202E00FC2F3B /* Frameworks */ = {
			isa = PBXFrameworksBuildPhase;
			buildActionMask = 2147483647;
			files = (
				AE7B5D8A2540202E00FC2F3B /* SwiftUI.framework in Frameworks */,
				AE7B5D882540202E00FC2F3B /* WidgetKit.framework in Frameworks */,
			);
			runOnlyForDeploymentPostprocessing = 0;
		};
		AED91D4D24D57AE300D91553 /* Frameworks */ = {
			isa = PBXFrameworksBuildPhase;
			buildActionMask = 2147483647;
			files = (
				AE7C3EA8260778D4001E4B4A /* RealmSwift in Frameworks */,
				AE7C3EC826077BAE001E4B4A /* FSCalendar in Frameworks */,
				AE7C3EA6260778D4001E4B4A /* Realm in Frameworks */,
				AE7C2D0A256216FB002EB87B /* Pods_Rookie.framework in Frameworks */,
			);
			runOnlyForDeploymentPostprocessing = 0;
		};
		AED91D6324D57AE900D91553 /* Frameworks */ = {
			isa = PBXFrameworksBuildPhase;
			buildActionMask = 2147483647;
			files = (
				C07F0CE74F9BD91CD1419A69 /* Pods_RookieTests.framework in Frameworks */,
			);
			runOnlyForDeploymentPostprocessing = 0;
		};
		AED91D6E24D57AE900D91553 /* Frameworks */ = {
			isa = PBXFrameworksBuildPhase;
			buildActionMask = 2147483647;
			files = (
				1686F68AE87DF1AA46040F54 /* Pods_Rookie_RookieUITests.framework in Frameworks */,
			);
			runOnlyForDeploymentPostprocessing = 0;
		};
/* End PBXFrameworksBuildPhase section */

/* Begin PBXGroup section */
		4A01A7B90C42050420DA3B58 /* Pods */ = {
			isa = PBXGroup;
			children = (
				C9C2BB251107E909620D923E /* Pods-Rookie.debug.xcconfig */,
				08BBAFAB7A5C42ACA3483C51 /* Pods-Rookie.release.xcconfig */,
				35EC729DCE28736B14F301DB /* Pods-Rookie-RookieUITests.debug.xcconfig */,
				9CFE58D87E394BD35ABE2187 /* Pods-Rookie-RookieUITests.release.xcconfig */,
				5418E6D0656E3A6CB19670ED /* Pods-RookieTests.debug.xcconfig */,
				CDC0908B0E4DEEB69A6C1C6C /* Pods-RookieTests.release.xcconfig */,
			);
			path = Pods;
			sourceTree = "<group>";
		};
		AE614A6325B5732900F9F568 /* Storyboard */ = {
			isa = PBXGroup;
			children = (
				AED91D5924D57AE400D91553 /* Main.storyboard */,
				AEF63E252604C4A3008C4FE6 /* CharacterCollectionViewCell.xib */,
				AEF63E232604C4A3008C4FE6 /* DetailCollectionViewCell.xib */,
				AEF63E242604C4A3008C4FE6 /* TodayCollectionViewCell.xib */,
				AED91D5E24D57AE900D91553 /* LaunchScreen.storyboard */,
			);
			path = Storyboard;
			sourceTree = "<group>";
		};
		AE7721A224ECF637001BF4B6 /* Supporting Files */ = {
			isa = PBXGroup;
			children = (
				AE7B5DC325414E2000FC2F3B /* Rookie.entitlements */,
				AED91D6124D57AE900D91553 /* Info.plist */,
			);
			path = "Supporting Files";
			sourceTree = "<group>";
		};
		AE7B5D8B2540202E00FC2F3B /* RookieWidget */ = {
			isa = PBXGroup;
			children = (
				AE7B5DC425414E3200FC2F3B /* RookieWidgetExtension.entitlements */,
				AE7B5D8C2540202E00FC2F3B /* RookieWidget.swift */,
				AE7B5D9C2540309600FC2F3B /* RookieEntry.swift */,
				AE7B5DA2254030AD00FC2F3B /* RookieEntryView.swift */,
				AE7B5D8E2540203100FC2F3B /* Assets.xcassets */,
				AE7B5D902540203100FC2F3B /* Info.plist */,
			);
			path = RookieWidget;
			sourceTree = "<group>";
		};
		AE7C3ECD26077FB2001E4B4A /* Cell */ = {
			isa = PBXGroup;
			children = (
				AEF63E732605ADDB008C4FE6 /* TodayCollectionViewCell.swift */,
				AEF63E752605ADDC008C4FE6 /* DetailCollectionViewCell.swift */,
				AEF63E742605ADDB008C4FE6 /* CharacterCollectionViewCell.swift */,
			);
			path = Cell;
			sourceTree = "<group>";
		};
		AED91D4724D57AE300D91553 = {
			isa = PBXGroup;
			children = (
				AEC82E96256246F0006DAF70 /* .swiftlint.yml */,
				AED91D5224D57AE400D91553 /* Rookie */,
				AED91D5C24D57AE900D91553 /* Assets.xcassets */,
				AED91D6924D57AE900D91553 /* RookieTests */,
				AED91D7424D57AE900D91553 /* RookieUITests */,
				AE7B5D8B2540202E00FC2F3B /* RookieWidget */,
				AED91D5124D57AE300D91553 /* Products */,
				4A01A7B90C42050420DA3B58 /* Pods */,
				CBF43A3BBFBFEA593648F032 /* Frameworks */,
			);
			sourceTree = "<group>";
		};
		AED91D5124D57AE300D91553 /* Products */ = {
			isa = PBXGroup;
			children = (
				AED91D5024D57AE300D91553 /* Rookie.app */,
				AED91D6624D57AE900D91553 /* RookieTests.xctest */,
				AED91D7124D57AE900D91553 /* RookieUITests.xctest */,
				AE7B5D862540202E00FC2F3B /* RookieWidgetExtension.appex */,
			);
			name = Products;
			sourceTree = "<group>";
		};
		AED91D5224D57AE400D91553 /* Rookie */ = {
			isa = PBXGroup;
			children = (
				AEF63E472604EECB008C4FE6 /* Utils */,
				AE614A6325B5732900F9F568 /* Storyboard */,
				AEF63E702605ADCB008C4FE6 /* View */,
				AEF63E5D2605ADB2008C4FE6 /* Model */,
				AEF63E332604C544008C4FE6 /* Manager */,
				AEDCBB0B2604C34600781CFD /* Application */,
				AE7721A224ECF637001BF4B6 /* Supporting Files */,
			);
			path = Rookie;
			sourceTree = "<group>";
		};
		AED91D6924D57AE900D91553 /* RookieTests */ = {
			isa = PBXGroup;
			children = (
				AED91D6A24D57AE900D91553 /* RookieTests.swift */,
				AED91D6C24D57AE900D91553 /* Info.plist */,
			);
			path = RookieTests;
			sourceTree = "<group>";
		};
		AED91D7424D57AE900D91553 /* RookieUITests */ = {
			isa = PBXGroup;
			children = (
				AED91D7524D57AE900D91553 /* RookieUITests.swift */,
				AED91D7724D57AE900D91553 /* Info.plist */,
			);
			path = RookieUITests;
			sourceTree = "<group>";
		};
		AEDCBB0B2604C34600781CFD /* Application */ = {
			isa = PBXGroup;
			children = (
				AED91D5324D57AE400D91553 /* AppDelegate.swift */,
				AE7721B924EFC985001BF4B6 /* SceneDelegate.swift */,
			);
			path = Application;
			sourceTree = "<group>";
		};
		AEF63E332604C544008C4FE6 /* Manager */ = {
			isa = PBXGroup;
			children = (
				AEF63E2D2604C4C5008C4FE6 /* DBManager.swift */,
			);
			path = Manager;
			sourceTree = "<group>";
		};
		AEF63E472604EECB008C4FE6 /* Utils */ = {
			isa = PBXGroup;
			children = (
				AE7C3E6F260762BB001E4B4A /* Rookie.swift */,
				AEF63E492604EF83008C4FE6 /* Constant.swift */,
			);
			path = Utils;
			sourceTree = "<group>";
		};
		AEF63E5D2605ADB2008C4FE6 /* Model */ = {
			isa = PBXGroup;
			children = (
				AEF63E622605ADBF008C4FE6 /* MainModel.swift */,
				AEF63E602605ADBE008C4FE6 /* DetailModel.swift */,
				AEF63E612605ADBE008C4FE6 /* DiaryModel.swift */,
				AEF63E5E2605ADBC008C4FE6 /* EditModel.swift */,
				AEF63E5F2605ADBD008C4FE6 /* MenuModel.swift */,
			);
			path = Model;
			sourceTree = "<group>";
		};
		AEF63E702605ADCB008C4FE6 /* View */ = {
			isa = PBXGroup;
			children = (
				AE7C3ECD26077FB2001E4B4A /* Cell */,
				AE7C3E5B26073EC5001E4B4A /* BaseViewController.swift */,
				AEF63E712605ADD9008C4FE6 /* ViewController.swift */,
				AEF63E772605ADDE008C4FE6 /* DetailViewController.swift */,
				AEF63E782605ADDE008C4FE6 /* DiaryViewController.swift */,
				AEF63E762605ADDD008C4FE6 /* EditViewController.swift */,
				AEF63E722605ADDA008C4FE6 /* MenuViewController.swift */,
			);
			path = View;
			sourceTree = "<group>";
		};
		CBF43A3BBFBFEA593648F032 /* Frameworks */ = {
			isa = PBXGroup;
			children = (
				AE7C2D09256216FB002EB87B /* Pods_Rookie.framework */,
				AE7B5D872540202E00FC2F3B /* WidgetKit.framework */,
				AE7B5D892540202E00FC2F3B /* SwiftUI.framework */,
				6E0B9829B22301DDB332F1D7 /* Pods_Rookie.framework */,
				FE1BC1876CB66C18F54F3A55 /* Pods_Rookie_RookieUITests.framework */,
				16E2FAEC9007EEBFEA4A40AE /* Pods_RookieTests.framework */,
			);
			name = Frameworks;
			sourceTree = "<group>";
		};
/* End PBXGroup section */

/* Begin PBXNativeTarget section */
		AE7B5D852540202E00FC2F3B /* RookieWidgetExtension */ = {
			isa = PBXNativeTarget;
			buildConfigurationList = AE7B5D942540203100FC2F3B /* Build configuration list for PBXNativeTarget "RookieWidgetExtension" */;
			buildPhases = (
				AE7B5D822540202E00FC2F3B /* Sources */,
				AE7B5D832540202E00FC2F3B /* Frameworks */,
				AE7B5D842540202E00FC2F3B /* Resources */,
			);
			buildRules = (
			);
			dependencies = (
			);
			name = RookieWidgetExtension;
			productName = RookieWidgetExtension;
			productReference = AE7B5D862540202E00FC2F3B /* RookieWidgetExtension.appex */;
			productType = "com.apple.product-type.app-extension";
		};
		AED91D4F24D57AE300D91553 /* Rookie */ = {
			isa = PBXNativeTarget;
			buildConfigurationList = AED91D7A24D57AE900D91553 /* Build configuration list for PBXNativeTarget "Rookie" */;
			buildPhases = (
				9B9068719717073BC3342251 /* [CP] Check Pods Manifest.lock */,
				AED91D4C24D57AE300D91553 /* Sources */,
				AED91D4D24D57AE300D91553 /* Frameworks */,
				AED91D4E24D57AE300D91553 /* Resources */,
				AE7B5D972540203100FC2F3B /* Embed App Extensions */,
				AEC82EF425627234006DAF70 /* ShellScript */,
			);
			buildRules = (
			);
			dependencies = (
				AE7B5D922540203100FC2F3B /* PBXTargetDependency */,
			);
			name = Rookie;
			packageProductDependencies = (
				AE7C3EA5260778D4001E4B4A /* Realm */,
				AE7C3EA7260778D4001E4B4A /* RealmSwift */,
				AE7C3EC726077BAE001E4B4A /* FSCalendar */,
			);
			productName = RPG;
			productReference = AED91D5024D57AE300D91553 /* Rookie.app */;
			productType = "com.apple.product-type.application";
		};
		AED91D6524D57AE900D91553 /* RookieTests */ = {
			isa = PBXNativeTarget;
			buildConfigurationList = AED91D7D24D57AE900D91553 /* Build configuration list for PBXNativeTarget "RookieTests" */;
			buildPhases = (
				DA132E9437013B889332F323 /* [CP] Check Pods Manifest.lock */,
				AED91D6224D57AE900D91553 /* Sources */,
				AED91D6324D57AE900D91553 /* Frameworks */,
				AED91D6424D57AE900D91553 /* Resources */,
			);
			buildRules = (
			);
			dependencies = (
				AED91D6824D57AE900D91553 /* PBXTargetDependency */,
			);
			name = RookieTests;
			productName = RPGTests;
			productReference = AED91D6624D57AE900D91553 /* RookieTests.xctest */;
			productType = "com.apple.product-type.bundle.unit-test";
		};
		AED91D7024D57AE900D91553 /* RookieUITests */ = {
			isa = PBXNativeTarget;
			buildConfigurationList = AED91D8024D57AE900D91553 /* Build configuration list for PBXNativeTarget "RookieUITests" */;
			buildPhases = (
				3CF25BFF8989B9F082930D50 /* [CP] Check Pods Manifest.lock */,
				AED91D6D24D57AE900D91553 /* Sources */,
				AED91D6E24D57AE900D91553 /* Frameworks */,
				AED91D6F24D57AE900D91553 /* Resources */,
			);
			buildRules = (
			);
			dependencies = (
				AED91D7324D57AE900D91553 /* PBXTargetDependency */,
			);
			name = RookieUITests;
			productName = RPGUITests;
			productReference = AED91D7124D57AE900D91553 /* RookieUITests.xctest */;
			productType = "com.apple.product-type.bundle.ui-testing";
		};
/* End PBXNativeTarget section */

/* Begin PBXProject section */
		AED91D4824D57AE300D91553 /* Project object */ = {
			isa = PBXProject;
			attributes = {
				LastSwiftUpdateCheck = 1200;
				LastUpgradeCheck = 1200;
				ORGANIZATIONNAME = yookie;
				TargetAttributes = {
					AE7B5D852540202E00FC2F3B = {
						CreatedOnToolsVersion = 12.0;
					};
					AED91D4F24D57AE300D91553 = {
						CreatedOnToolsVersion = 11.3.1;
					};
					AED91D6524D57AE900D91553 = {
						CreatedOnToolsVersion = 11.3.1;
						TestTargetID = AED91D4F24D57AE300D91553;
					};
					AED91D7024D57AE900D91553 = {
						CreatedOnToolsVersion = 11.3.1;
						TestTargetID = AED91D4F24D57AE300D91553;
					};
				};
			};
			buildConfigurationList = AED91D4B24D57AE300D91553 /* Build configuration list for PBXProject "Rookie" */;
			compatibilityVersion = "Xcode 9.3";
			developmentRegion = en;
			hasScannedForEncodings = 0;
			knownRegions = (
				en,
				Base,
			);
			mainGroup = AED91D4724D57AE300D91553;
			packageReferences = (
				AE7C3EA4260778D3001E4B4A /* XCRemoteSwiftPackageReference "realm-cocoa" */,
				AE7C3EC626077BAE001E4B4A /* XCRemoteSwiftPackageReference "FSCalendar" */,
			);
			productRefGroup = AED91D5124D57AE300D91553 /* Products */;
			projectDirPath = "";
			projectRoot = "";
			targets = (
				AED91D4F24D57AE300D91553 /* Rookie */,
				AED91D6524D57AE900D91553 /* RookieTests */,
				AED91D7024D57AE900D91553 /* RookieUITests */,
				AE7B5D852540202E00FC2F3B /* RookieWidgetExtension */,
			);
		};
/* End PBXProject section */

/* Begin PBXResourcesBuildPhase section */
		AE7B5D842540202E00FC2F3B /* Resources */ = {
			isa = PBXResourcesBuildPhase;
			buildActionMask = 2147483647;
			files = (
				AE7B5D8F2540203100FC2F3B /* Assets.xcassets in Resources */,
			);
			runOnlyForDeploymentPostprocessing = 0;
		};
		AED91D4E24D57AE300D91553 /* Resources */ = {
			isa = PBXResourcesBuildPhase;
			buildActionMask = 2147483647;
			files = (
				AED91D6024D57AE900D91553 /* LaunchScreen.storyboard in Resources */,
				AEF63E272604C4A3008C4FE6 /* TodayCollectionViewCell.xib in Resources */,
				AED91D5D24D57AE900D91553 /* Assets.xcassets in Resources */,
				AEF63E262604C4A3008C4FE6 /* DetailCollectionViewCell.xib in Resources */,
				AED91D5B24D57AE400D91553 /* Main.storyboard in Resources */,
				AEF63E282604C4A3008C4FE6 /* CharacterCollectionViewCell.xib in Resources */,
			);
			runOnlyForDeploymentPostprocessing = 0;
		};
		AED91D6424D57AE900D91553 /* Resources */ = {
			isa = PBXResourcesBuildPhase;
			buildActionMask = 2147483647;
			files = (
			);
			runOnlyForDeploymentPostprocessing = 0;
		};
		AED91D6F24D57AE900D91553 /* Resources */ = {
			isa = PBXResourcesBuildPhase;
			buildActionMask = 2147483647;
			files = (
			);
			runOnlyForDeploymentPostprocessing = 0;
		};
/* End PBXResourcesBuildPhase section */

/* Begin PBXShellScriptBuildPhase section */
		3CF25BFF8989B9F082930D50 /* [CP] Check Pods Manifest.lock */ = {
			isa = PBXShellScriptBuildPhase;
			buildActionMask = 2147483647;
			files = (
			);
			inputFileListPaths = (
			);
			inputPaths = (
				"${PODS_PODFILE_DIR_PATH}/Podfile.lock",
				"${PODS_ROOT}/Manifest.lock",
			);
			name = "[CP] Check Pods Manifest.lock";
			outputFileListPaths = (
			);
			outputPaths = (
				"$(DERIVED_FILE_DIR)/Pods-Rookie-RookieUITests-checkManifestLockResult.txt",
			);
			runOnlyForDeploymentPostprocessing = 0;
			shellPath = /bin/sh;
			shellScript = "diff \"${PODS_PODFILE_DIR_PATH}/Podfile.lock\" \"${PODS_ROOT}/Manifest.lock\" > /dev/null\nif [ $? != 0 ] ; then\n    # print error to STDERR\n    echo \"error: The sandbox is not in sync with the Podfile.lock. Run 'pod install' or update your CocoaPods installation.\" >&2\n    exit 1\nfi\n# This output is used by Xcode 'outputs' to avoid re-running this script phase.\necho \"SUCCESS\" > \"${SCRIPT_OUTPUT_FILE_0}\"\n";
			showEnvVarsInLog = 0;
		};
		9B9068719717073BC3342251 /* [CP] Check Pods Manifest.lock */ = {
			isa = PBXShellScriptBuildPhase;
			buildActionMask = 2147483647;
			files = (
			);
			inputFileListPaths = (
			);
			inputPaths = (
				"${PODS_PODFILE_DIR_PATH}/Podfile.lock",
				"${PODS_ROOT}/Manifest.lock",
			);
			name = "[CP] Check Pods Manifest.lock";
			outputFileListPaths = (
			);
			outputPaths = (
				"$(DERIVED_FILE_DIR)/Pods-Rookie-checkManifestLockResult.txt",
			);
			runOnlyForDeploymentPostprocessing = 0;
			shellPath = /bin/sh;
			shellScript = "diff \"${PODS_PODFILE_DIR_PATH}/Podfile.lock\" \"${PODS_ROOT}/Manifest.lock\" > /dev/null\nif [ $? != 0 ] ; then\n    # print error to STDERR\n    echo \"error: The sandbox is not in sync with the Podfile.lock. Run 'pod install' or update your CocoaPods installation.\" >&2\n    exit 1\nfi\n# This output is used by Xcode 'outputs' to avoid re-running this script phase.\necho \"SUCCESS\" > \"${SCRIPT_OUTPUT_FILE_0}\"\n";
			showEnvVarsInLog = 0;
		};
		AEC82EF425627234006DAF70 /* ShellScript */ = {
			isa = PBXShellScriptBuildPhase;
			buildActionMask = 2147483647;
			files = (
			);
			inputFileListPaths = (
			);
			inputPaths = (
			);
			outputFileListPaths = (
			);
			outputPaths = (
			);
			runOnlyForDeploymentPostprocessing = 0;
			shellPath = /bin/sh;
			shellScript = "# \"${PODS_ROOT}/SwiftLint/swiftlint\"\n";
		};
		DA132E9437013B889332F323 /* [CP] Check Pods Manifest.lock */ = {
			isa = PBXShellScriptBuildPhase;
			buildActionMask = 2147483647;
			files = (
			);
			inputFileListPaths = (
			);
			inputPaths = (
				"${PODS_PODFILE_DIR_PATH}/Podfile.lock",
				"${PODS_ROOT}/Manifest.lock",
			);
			name = "[CP] Check Pods Manifest.lock";
			outputFileListPaths = (
			);
			outputPaths = (
				"$(DERIVED_FILE_DIR)/Pods-RookieTests-checkManifestLockResult.txt",
			);
			runOnlyForDeploymentPostprocessing = 0;
			shellPath = /bin/sh;
			shellScript = "diff \"${PODS_PODFILE_DIR_PATH}/Podfile.lock\" \"${PODS_ROOT}/Manifest.lock\" > /dev/null\nif [ $? != 0 ] ; then\n    # print error to STDERR\n    echo \"error: The sandbox is not in sync with the Podfile.lock. Run 'pod install' or update your CocoaPods installation.\" >&2\n    exit 1\nfi\n# This output is used by Xcode 'outputs' to avoid re-running this script phase.\necho \"SUCCESS\" > \"${SCRIPT_OUTPUT_FILE_0}\"\n";
			showEnvVarsInLog = 0;
		};
/* End PBXShellScriptBuildPhase section */

/* Begin PBXSourcesBuildPhase section */
		AE7B5D822540202E00FC2F3B /* Sources */ = {
			isa = PBXSourcesBuildPhase;
			buildActionMask = 2147483647;
			files = (
				AE7B5D8D2540202E00FC2F3B /* RookieWidget.swift in Sources */,
				AE7B5DB525403B6600FC2F3B /* RookieEntryView.swift in Sources */,
				AE7B5DAC25403B5E00FC2F3B /* RookieEntry.swift in Sources */,
			);
			runOnlyForDeploymentPostprocessing = 0;
		};
		AED91D4C24D57AE300D91553 /* Sources */ = {
			isa = PBXSourcesBuildPhase;
			buildActionMask = 2147483647;
			files = (
				AEF63E7B2605ADDE008C4FE6 /* TodayCollectionViewCell.swift in Sources */,
				AEF63E792605ADDE008C4FE6 /* ViewController.swift in Sources */,
				AE7721BA24EFC985001BF4B6 /* SceneDelegate.swift in Sources */,
				AEF63E2E2604C4C5008C4FE6 /* DBManager.swift in Sources */,
				AEF63E652605ADBF008C4FE6 /* DetailModel.swift in Sources */,
				AE7C3E5C26073EC5001E4B4A /* BaseViewController.swift in Sources */,
				AEF63E7E2605ADDE008C4FE6 /* EditViewController.swift in Sources */,
				AEF63E7A2605ADDE008C4FE6 /* MenuViewController.swift in Sources */,
				AEF63E7F2605ADDE008C4FE6 /* DetailViewController.swift in Sources */,
				AEF63E642605ADBF008C4FE6 /* MenuModel.swift in Sources */,
				AEF63E7D2605ADDE008C4FE6 /* DetailCollectionViewCell.swift in Sources */,
				AED91D5424D57AE400D91553 /* AppDelegate.swift in Sources */,
				AEF63E7C2605ADDE008C4FE6 /* CharacterCollectionViewCell.swift in Sources */,
				AEF63E802605ADDE008C4FE6 /* DiaryViewController.swift in Sources */,
				AEF63E672605ADBF008C4FE6 /* MainModel.swift in Sources */,
				AE7C3E70260762BB001E4B4A /* Rookie.swift in Sources */,
				AEF63E662605ADBF008C4FE6 /* DiaryModel.swift in Sources */,
				AEF63E632605ADBF008C4FE6 /* EditModel.swift in Sources */,
				AEF63E4A2604EF83008C4FE6 /* Constant.swift in Sources */,
			);
			runOnlyForDeploymentPostprocessing = 0;
		};
		AED91D6224D57AE900D91553 /* Sources */ = {
			isa = PBXSourcesBuildPhase;
			buildActionMask = 2147483647;
			files = (
				AED91D6B24D57AE900D91553 /* RookieTests.swift in Sources */,
			);
			runOnlyForDeploymentPostprocessing = 0;
		};
		AED91D6D24D57AE900D91553 /* Sources */ = {
			isa = PBXSourcesBuildPhase;
			buildActionMask = 2147483647;
			files = (
				AED91D7624D57AE900D91553 /* RookieUITests.swift in Sources */,
			);
			runOnlyForDeploymentPostprocessing = 0;
		};
/* End PBXSourcesBuildPhase section */

/* Begin PBXTargetDependency section */
		AE7B5D922540203100FC2F3B /* PBXTargetDependency */ = {
			isa = PBXTargetDependency;
			target = AE7B5D852540202E00FC2F3B /* RookieWidgetExtension */;
			targetProxy = AE7B5D912540203100FC2F3B /* PBXContainerItemProxy */;
		};
		AED91D6824D57AE900D91553 /* PBXTargetDependency */ = {
			isa = PBXTargetDependency;
			target = AED91D4F24D57AE300D91553 /* Rookie */;
			targetProxy = AED91D6724D57AE900D91553 /* PBXContainerItemProxy */;
		};
		AED91D7324D57AE900D91553 /* PBXTargetDependency */ = {
			isa = PBXTargetDependency;
			target = AED91D4F24D57AE300D91553 /* Rookie */;
			targetProxy = AED91D7224D57AE900D91553 /* PBXContainerItemProxy */;
		};
/* End PBXTargetDependency section */

/* Begin PBXVariantGroup section */
		AED91D5924D57AE400D91553 /* Main.storyboard */ = {
			isa = PBXVariantGroup;
			children = (
				AED91D5A24D57AE400D91553 /* Base */,
			);
			name = Main.storyboard;
			sourceTree = "<group>";
		};
		AED91D5E24D57AE900D91553 /* LaunchScreen.storyboard */ = {
			isa = PBXVariantGroup;
			children = (
				AED91D5F24D57AE900D91553 /* Base */,
			);
			name = LaunchScreen.storyboard;
			sourceTree = "<group>";
		};
/* End PBXVariantGroup section */

/* Begin XCBuildConfiguration section */
		AE7B5D952540203100FC2F3B /* Debug */ = {
			isa = XCBuildConfiguration;
			buildSettings = {
				ASSETCATALOG_COMPILER_GLOBAL_ACCENT_COLOR_NAME = AccentColor;
				ASSETCATALOG_COMPILER_WIDGET_BACKGROUND_COLOR_NAME = WidgetBackground;
				CLANG_WARN_QUOTED_INCLUDE_IN_FRAMEWORK_HEADER = YES;
				CODE_SIGN_ENTITLEMENTS = RookieWidget/RookieWidgetExtension.entitlements;
				CODE_SIGN_STYLE = Automatic;
				CURRENT_PROJECT_VERSION = 2;
				DEVELOPMENT_TEAM = 3JEGFD62GB;
				INFOPLIST_FILE = RookieWidget/Info.plist;
				IPHONEOS_DEPLOYMENT_TARGET = 14.0;
				LD_RUNPATH_SEARCH_PATHS = (
					"$(inherited)",
					"@executable_path/Frameworks",
					"@executable_path/../../Frameworks",
				);
				MARKETING_VERSION = 1.4;
				PRODUCT_BUNDLE_IDENTIFIER = com.yookie.rookie.RookieWidget;
				PRODUCT_NAME = "$(TARGET_NAME)";
				SKIP_INSTALL = YES;
				SWIFT_VERSION = 5.0;
				TARGETED_DEVICE_FAMILY = "1,2";
			};
			name = Debug;
		};
		AE7B5D962540203100FC2F3B /* Release */ = {
			isa = XCBuildConfiguration;
			buildSettings = {
				ASSETCATALOG_COMPILER_GLOBAL_ACCENT_COLOR_NAME = AccentColor;
				ASSETCATALOG_COMPILER_WIDGET_BACKGROUND_COLOR_NAME = WidgetBackground;
				CLANG_WARN_QUOTED_INCLUDE_IN_FRAMEWORK_HEADER = YES;
				CODE_SIGN_ENTITLEMENTS = RookieWidget/RookieWidgetExtension.entitlements;
				CODE_SIGN_STYLE = Automatic;
				CURRENT_PROJECT_VERSION = 2;
				DEVELOPMENT_TEAM = 3JEGFD62GB;
				INFOPLIST_FILE = RookieWidget/Info.plist;
				IPHONEOS_DEPLOYMENT_TARGET = 14.0;
				LD_RUNPATH_SEARCH_PATHS = (
					"$(inherited)",
					"@executable_path/Frameworks",
					"@executable_path/../../Frameworks",
				);
				MARKETING_VERSION = 1.4;
				PRODUCT_BUNDLE_IDENTIFIER = com.yookie.rookie.RookieWidget;
				PRODUCT_NAME = "$(TARGET_NAME)";
				SKIP_INSTALL = YES;
				SWIFT_VERSION = 5.0;
				TARGETED_DEVICE_FAMILY = "1,2";
			};
			name = Release;
		};
		AED91D7824D57AE900D91553 /* Debug */ = {
			isa = XCBuildConfiguration;
			buildSettings = {
				ALWAYS_SEARCH_USER_PATHS = NO;
				CLANG_ANALYZER_NONNULL = YES;
				CLANG_ANALYZER_NUMBER_OBJECT_CONVERSION = YES_AGGRESSIVE;
				CLANG_CXX_LANGUAGE_STANDARD = "gnu++14";
				CLANG_CXX_LIBRARY = "libc++";
				CLANG_ENABLE_MODULES = YES;
				CLANG_ENABLE_OBJC_ARC = YES;
				CLANG_ENABLE_OBJC_WEAK = YES;
				CLANG_WARN_BLOCK_CAPTURE_AUTORELEASING = YES;
				CLANG_WARN_BOOL_CONVERSION = YES;
				CLANG_WARN_COMMA = YES;
				CLANG_WARN_CONSTANT_CONVERSION = YES;
				CLANG_WARN_DEPRECATED_OBJC_IMPLEMENTATIONS = YES;
				CLANG_WARN_DIRECT_OBJC_ISA_USAGE = YES_ERROR;
				CLANG_WARN_DOCUMENTATION_COMMENTS = YES;
				CLANG_WARN_EMPTY_BODY = YES;
				CLANG_WARN_ENUM_CONVERSION = YES;
				CLANG_WARN_INFINITE_RECURSION = YES;
				CLANG_WARN_INT_CONVERSION = YES;
				CLANG_WARN_NON_LITERAL_NULL_CONVERSION = YES;
				CLANG_WARN_OBJC_IMPLICIT_RETAIN_SELF = YES;
				CLANG_WARN_OBJC_LITERAL_CONVERSION = YES;
				CLANG_WARN_OBJC_ROOT_CLASS = YES_ERROR;
				CLANG_WARN_QUOTED_INCLUDE_IN_FRAMEWORK_HEADER = YES;
				CLANG_WARN_RANGE_LOOP_ANALYSIS = YES;
				CLANG_WARN_STRICT_PROTOTYPES = YES;
				CLANG_WARN_SUSPICIOUS_MOVE = YES;
				CLANG_WARN_UNGUARDED_AVAILABILITY = YES_AGGRESSIVE;
				CLANG_WARN_UNREACHABLE_CODE = YES;
				CLANG_WARN__DUPLICATE_METHOD_MATCH = YES;
				COPY_PHASE_STRIP = NO;
				DEBUG_INFORMATION_FORMAT = dwarf;
				ENABLE_STRICT_OBJC_MSGSEND = YES;
				ENABLE_TESTABILITY = YES;
				GCC_C_LANGUAGE_STANDARD = gnu11;
				GCC_DYNAMIC_NO_PIC = NO;
				GCC_NO_COMMON_BLOCKS = YES;
				GCC_OPTIMIZATION_LEVEL = 0;
				GCC_PREPROCESSOR_DEFINITIONS = (
					"DEBUG=1",
					"$(inherited)",
				);
				GCC_WARN_64_TO_32_BIT_CONVERSION = YES;
				GCC_WARN_ABOUT_RETURN_TYPE = YES_ERROR;
				GCC_WARN_UNDECLARED_SELECTOR = YES;
				GCC_WARN_UNINITIALIZED_AUTOS = YES_AGGRESSIVE;
				GCC_WARN_UNUSED_FUNCTION = YES;
				GCC_WARN_UNUSED_VARIABLE = YES;
				IPHONEOS_DEPLOYMENT_TARGET = 13.2;
				MTL_ENABLE_DEBUG_INFO = INCLUDE_SOURCE;
				MTL_FAST_MATH = YES;
				ONLY_ACTIVE_ARCH = YES;
				SDKROOT = iphoneos;
				SWIFT_ACTIVE_COMPILATION_CONDITIONS = DEBUG;
				SWIFT_OPTIMIZATION_LEVEL = "-Onone";
			};
			name = Debug;
		};
		AED91D7924D57AE900D91553 /* Release */ = {
			isa = XCBuildConfiguration;
			buildSettings = {
				ALWAYS_SEARCH_USER_PATHS = NO;
				CLANG_ANALYZER_NONNULL = YES;
				CLANG_ANALYZER_NUMBER_OBJECT_CONVERSION = YES_AGGRESSIVE;
				CLANG_CXX_LANGUAGE_STANDARD = "gnu++14";
				CLANG_CXX_LIBRARY = "libc++";
				CLANG_ENABLE_MODULES = YES;
				CLANG_ENABLE_OBJC_ARC = YES;
				CLANG_ENABLE_OBJC_WEAK = YES;
				CLANG_WARN_BLOCK_CAPTURE_AUTORELEASING = YES;
				CLANG_WARN_BOOL_CONVERSION = YES;
				CLANG_WARN_COMMA = YES;
				CLANG_WARN_CONSTANT_CONVERSION = YES;
				CLANG_WARN_DEPRECATED_OBJC_IMPLEMENTATIONS = YES;
				CLANG_WARN_DIRECT_OBJC_ISA_USAGE = YES_ERROR;
				CLANG_WARN_DOCUMENTATION_COMMENTS = YES;
				CLANG_WARN_EMPTY_BODY = YES;
				CLANG_WARN_ENUM_CONVERSION = YES;
				CLANG_WARN_INFINITE_RECURSION = YES;
				CLANG_WARN_INT_CONVERSION = YES;
				CLANG_WARN_NON_LITERAL_NULL_CONVERSION = YES;
				CLANG_WARN_OBJC_IMPLICIT_RETAIN_SELF = YES;
				CLANG_WARN_OBJC_LITERAL_CONVERSION = YES;
				CLANG_WARN_OBJC_ROOT_CLASS = YES_ERROR;
				CLANG_WARN_QUOTED_INCLUDE_IN_FRAMEWORK_HEADER = YES;
				CLANG_WARN_RANGE_LOOP_ANALYSIS = YES;
				CLANG_WARN_STRICT_PROTOTYPES = YES;
				CLANG_WARN_SUSPICIOUS_MOVE = YES;
				CLANG_WARN_UNGUARDED_AVAILABILITY = YES_AGGRESSIVE;
				CLANG_WARN_UNREACHABLE_CODE = YES;
				CLANG_WARN__DUPLICATE_METHOD_MATCH = YES;
				COPY_PHASE_STRIP = NO;
				DEBUG_INFORMATION_FORMAT = "dwarf-with-dsym";
				ENABLE_NS_ASSERTIONS = NO;
				ENABLE_STRICT_OBJC_MSGSEND = YES;
				GCC_C_LANGUAGE_STANDARD = gnu11;
				GCC_NO_COMMON_BLOCKS = YES;
				GCC_WARN_64_TO_32_BIT_CONVERSION = YES;
				GCC_WARN_ABOUT_RETURN_TYPE = YES_ERROR;
				GCC_WARN_UNDECLARED_SELECTOR = YES;
				GCC_WARN_UNINITIALIZED_AUTOS = YES_AGGRESSIVE;
				GCC_WARN_UNUSED_FUNCTION = YES;
				GCC_WARN_UNUSED_VARIABLE = YES;
				IPHONEOS_DEPLOYMENT_TARGET = 13.2;
				MTL_ENABLE_DEBUG_INFO = NO;
				MTL_FAST_MATH = YES;
				SDKROOT = iphoneos;
				SWIFT_COMPILATION_MODE = wholemodule;
				SWIFT_OPTIMIZATION_LEVEL = "-O";
				VALIDATE_PRODUCT = YES;
			};
			name = Release;
		};
		AED91D7B24D57AE900D91553 /* Debug */ = {
			isa = XCBuildConfiguration;
			baseConfigurationReference = C9C2BB251107E909620D923E /* Pods-Rookie.debug.xcconfig */;
			buildSettings = {
				ALWAYS_EMBED_SWIFT_STANDARD_LIBRARIES = YES;
				ASSETCATALOG_COMPILER_APPICON_NAME = AppIcon;
				CODE_SIGN_ENTITLEMENTS = "Rookie/Supporting Files/Rookie.entitlements";
				CODE_SIGN_STYLE = Automatic;
				CURRENT_PROJECT_VERSION = 2;
				DEVELOPMENT_TEAM = 3JEGFD62GB;
				INFOPLIST_FILE = "Rookie/Supporting Files/Info.plist";
				IPHONEOS_DEPLOYMENT_TARGET = 13.0;
				LD_RUNPATH_SEARCH_PATHS = (
					"$(inherited)",
					"@executable_path/Frameworks",
				);
				MARKETING_VERSION = 1.4;
				PRODUCT_BUNDLE_IDENTIFIER = com.yookie.rookie;
				PRODUCT_NAME = "$(TARGET_NAME)";
				SWIFT_VERSION = 5.0;
				TARGETED_DEVICE_FAMILY = "1,2";
			};
			name = Debug;
		};
		AED91D7C24D57AE900D91553 /* Release */ = {
			isa = XCBuildConfiguration;
			baseConfigurationReference = 08BBAFAB7A5C42ACA3483C51 /* Pods-Rookie.release.xcconfig */;
			buildSettings = {
				ALWAYS_EMBED_SWIFT_STANDARD_LIBRARIES = YES;
				ASSETCATALOG_COMPILER_APPICON_NAME = AppIcon;
				CODE_SIGN_ENTITLEMENTS = "Rookie/Supporting Files/Rookie.entitlements";
				CODE_SIGN_STYLE = Automatic;
				CURRENT_PROJECT_VERSION = 2;
				DEVELOPMENT_TEAM = 3JEGFD62GB;
				INFOPLIST_FILE = "Rookie/Supporting Files/Info.plist";
				IPHONEOS_DEPLOYMENT_TARGET = 13.0;
				LD_RUNPATH_SEARCH_PATHS = (
					"$(inherited)",
					"@executable_path/Frameworks",
				);
				MARKETING_VERSION = 1.4;
				PRODUCT_BUNDLE_IDENTIFIER = com.yookie.rookie;
				PRODUCT_NAME = "$(TARGET_NAME)";
				SWIFT_VERSION = 5.0;
				TARGETED_DEVICE_FAMILY = "1,2";
			};
			name = Release;
		};
		AED91D7E24D57AE900D91553 /* Debug */ = {
			isa = XCBuildConfiguration;
			baseConfigurationReference = 5418E6D0656E3A6CB19670ED /* Pods-RookieTests.debug.xcconfig */;
			buildSettings = {
				ALWAYS_EMBED_SWIFT_STANDARD_LIBRARIES = YES;
				BUNDLE_LOADER = "$(TEST_HOST)";
				CODE_SIGN_STYLE = Automatic;
				DEVELOPMENT_TEAM = 3JEGFD62GB;
				INFOPLIST_FILE = RookieTests/Info.plist;
				IPHONEOS_DEPLOYMENT_TARGET = 13.2;
				LD_RUNPATH_SEARCH_PATHS = (
					"$(inherited)",
					"@executable_path/Frameworks",
					"@loader_path/Frameworks",
				);
				PRODUCT_BUNDLE_IDENTIFIER = com.yookie.rookie.RookieTests;
				PRODUCT_NAME = "$(TARGET_NAME)";
				SWIFT_VERSION = 5.0;
				TARGETED_DEVICE_FAMILY = "1,2";
				TEST_HOST = "$(BUILT_PRODUCTS_DIR)/Rookie.app/Rookie";
			};
			name = Debug;
		};
		AED91D7F24D57AE900D91553 /* Release */ = {
			isa = XCBuildConfiguration;
			baseConfigurationReference = CDC0908B0E4DEEB69A6C1C6C /* Pods-RookieTests.release.xcconfig */;
			buildSettings = {
				ALWAYS_EMBED_SWIFT_STANDARD_LIBRARIES = YES;
				BUNDLE_LOADER = "$(TEST_HOST)";
				CODE_SIGN_STYLE = Automatic;
				DEVELOPMENT_TEAM = 3JEGFD62GB;
				INFOPLIST_FILE = RookieTests/Info.plist;
				IPHONEOS_DEPLOYMENT_TARGET = 13.2;
				LD_RUNPATH_SEARCH_PATHS = (
					"$(inherited)",
					"@executable_path/Frameworks",
					"@loader_path/Frameworks",
				);
				PRODUCT_BUNDLE_IDENTIFIER = com.yookie.rookie.RookieTests;
				PRODUCT_NAME = "$(TARGET_NAME)";
				SWIFT_VERSION = 5.0;
				TARGETED_DEVICE_FAMILY = "1,2";
				TEST_HOST = "$(BUILT_PRODUCTS_DIR)/Rookie.app/Rookie";
			};
			name = Release;
		};
		AED91D8124D57AE900D91553 /* Debug */ = {
			isa = XCBuildConfiguration;
			baseConfigurationReference = 35EC729DCE28736B14F301DB /* Pods-Rookie-RookieUITests.debug.xcconfig */;
			buildSettings = {
				ALWAYS_EMBED_SWIFT_STANDARD_LIBRARIES = YES;
				CODE_SIGN_STYLE = Automatic;
				DEVELOPMENT_TEAM = 3JEGFD62GB;
				INFOPLIST_FILE = RookieUITests/Info.plist;
				LD_RUNPATH_SEARCH_PATHS = (
					"$(inherited)",
					"@executable_path/Frameworks",
					"@loader_path/Frameworks",
				);
				PRODUCT_BUNDLE_IDENTIFIER = com.yookie.rookie.RookieUITests;
				PRODUCT_NAME = "$(TARGET_NAME)";
				SWIFT_VERSION = 5.0;
				TARGETED_DEVICE_FAMILY = "1,2";
				TEST_TARGET_NAME = Rookie;
			};
			name = Debug;
		};
		AED91D8224D57AE900D91553 /* Release */ = {
			isa = XCBuildConfiguration;
			baseConfigurationReference = 9CFE58D87E394BD35ABE2187 /* Pods-Rookie-RookieUITests.release.xcconfig */;
			buildSettings = {
				ALWAYS_EMBED_SWIFT_STANDARD_LIBRARIES = YES;
				CODE_SIGN_STYLE = Automatic;
				DEVELOPMENT_TEAM = 3JEGFD62GB;
				INFOPLIST_FILE = RookieUITests/Info.plist;
				LD_RUNPATH_SEARCH_PATHS = (
					"$(inherited)",
					"@executable_path/Frameworks",
					"@loader_path/Frameworks",
				);
				PRODUCT_BUNDLE_IDENTIFIER = com.yookie.rookie.RookieUITests;
				PRODUCT_NAME = "$(TARGET_NAME)";
				SWIFT_VERSION = 5.0;
				TARGETED_DEVICE_FAMILY = "1,2";
				TEST_TARGET_NAME = Rookie;
			};
			name = Release;
		};
/* End XCBuildConfiguration section */

/* Begin XCConfigurationList section */
		AE7B5D942540203100FC2F3B /* Build configuration list for PBXNativeTarget "RookieWidgetExtension" */ = {
			isa = XCConfigurationList;
			buildConfigurations = (
				AE7B5D952540203100FC2F3B /* Debug */,
				AE7B5D962540203100FC2F3B /* Release */,
			);
			defaultConfigurationIsVisible = 0;
			defaultConfigurationName = Release;
		};
		AED91D4B24D57AE300D91553 /* Build configuration list for PBXProject "Rookie" */ = {
			isa = XCConfigurationList;
			buildConfigurations = (
				AED91D7824D57AE900D91553 /* Debug */,
				AED91D7924D57AE900D91553 /* Release */,
			);
			defaultConfigurationIsVisible = 0;
			defaultConfigurationName = Release;
		};
		AED91D7A24D57AE900D91553 /* Build configuration list for PBXNativeTarget "Rookie" */ = {
			isa = XCConfigurationList;
			buildConfigurations = (
				AED91D7B24D57AE900D91553 /* Debug */,
				AED91D7C24D57AE900D91553 /* Release */,
			);
			defaultConfigurationIsVisible = 0;
			defaultConfigurationName = Release;
		};
		AED91D7D24D57AE900D91553 /* Build configuration list for PBXNativeTarget "RookieTests" */ = {
			isa = XCConfigurationList;
			buildConfigurations = (
				AED91D7E24D57AE900D91553 /* Debug */,
				AED91D7F24D57AE900D91553 /* Release */,
			);
			defaultConfigurationIsVisible = 0;
			defaultConfigurationName = Release;
		};
		AED91D8024D57AE900D91553 /* Build configuration list for PBXNativeTarget "RookieUITests" */ = {
			isa = XCConfigurationList;
			buildConfigurations = (
				AED91D8124D57AE900D91553 /* Debug */,
				AED91D8224D57AE900D91553 /* Release */,
			);
			defaultConfigurationIsVisible = 0;
			defaultConfigurationName = Release;
		};
/* End XCConfigurationList section */

/* Begin XCRemoteSwiftPackageReference section */
		AE7C3EA4260778D3001E4B4A /* XCRemoteSwiftPackageReference "realm-cocoa" */ = {
			isa = XCRemoteSwiftPackageReference;
			repositoryURL = "https://github.com/realm/realm-cocoa";
			requirement = {
				kind = upToNextMajorVersion;
				minimumVersion = 10.7.2;
			};
		};
		AE7C3EC626077BAE001E4B4A /* XCRemoteSwiftPackageReference "FSCalendar" */ = {
			isa = XCRemoteSwiftPackageReference;
			repositoryURL = "https://github.com/WenchaoD/FSCalendar.git";
			requirement = {
				kind = upToNextMajorVersion;
				minimumVersion = 2.8.2;
			};
		};
/* End XCRemoteSwiftPackageReference section */

/* Begin XCSwiftPackageProductDependency section */
		AE7C3EA5260778D4001E4B4A /* Realm */ = {
			isa = XCSwiftPackageProductDependency;
			package = AE7C3EA4260778D3001E4B4A /* XCRemoteSwiftPackageReference "realm-cocoa" */;
			productName = Realm;
		};
		AE7C3EA7260778D4001E4B4A /* RealmSwift */ = {
			isa = XCSwiftPackageProductDependency;
			package = AE7C3EA4260778D3001E4B4A /* XCRemoteSwiftPackageReference "realm-cocoa" */;
			productName = RealmSwift;
		};
		AE7C3EC726077BAE001E4B4A /* FSCalendar */ = {
			isa = XCSwiftPackageProductDependency;
			package = AE7C3EC626077BAE001E4B4A /* XCRemoteSwiftPackageReference "FSCalendar" */;
			productName = FSCalendar;
		};
/* End XCSwiftPackageProductDependency section */
	};
	rootObject = AED91D4824D57AE300D91553 /* Project object */;
}
